
Microsoft Visual Studio Solution File, Format Version 12.00
# Visual Studio Version 17
VisualStudioVersion = 17.9.34701.34
MinimumVisualStudioVersion = 10.0.40219.1
Project("{FAE04EC0-301F-11D3-BF4B-00C04F79EFBC}") = "ExpressFood.Domain", "ExpressFood.Domain\ExpressFood.Domain.csproj", "{9E900F38-9302-4AB5-8E45-B4F0DD3E2ED3}"
EndProject
Project("{FAE04EC0-301F-11D3-BF4B-00C04F79EFBC}") = "ExpressFood.Repository", "ExpressFood.Repository\ExpressFood.Repository.csproj", "{4A677FDB-D0BB-4B1B-AAD9-08CD486A23FC}"
	ProjectSection(ProjectDependencies) = postProject
		{9E900F38-9302-4AB5-8E45-B4F0DD3E2ED3} = {9E900F38-9302-4AB5-8E45-B4F0DD3E2ED3}
	EndProjectSection
EndProject
Project("{FAE04EC0-301F-11D3-BF4B-00C04F79EFBC}") = "ExpressFood.Service", "ExpressFood.Service\ExpressFood.Service.csproj", "{7617592D-4E29-4153-8989-DBC883D4E084}"
	ProjectSection(ProjectDependencies) = postProject
		{4A677FDB-D0BB-4B1B-AAD9-08CD486A23FC} = {4A677FDB-D0BB-4B1B-AAD9-08CD486A23FC}
	EndProjectSection
EndProject
Project("{FAE04EC0-301F-11D3-BF4B-00C04F79EFBC}") = "ExpressFood.Web", "ExpressFood.Web\ExpressFood.Web.csproj", "{77B5AD8A-1CAD-4E87-9C69-0A0FDB40A67F}"
EndProject
Global
	GlobalSection(SolutionConfigurationPlatforms) = preSolution
		Debug|Any CPU = Debug|Any CPU
		Release|Any CPU = Release|Any CPU
	EndGlobalSection
	GlobalSection(ProjectConfigurationPlatforms) = postSolution
		{9E900F38-9302-4AB5-8E45-B4F0DD3E2ED3}.Debug|Any CPU.ActiveCfg = Debug|Any CPU
		{9E900F38-9302-4AB5-8E45-B4F0DD3E2ED3}.Debug|Any CPU.Build.0 = Debug|Any CPU
		{9E900F38-9302-4AB5-8E45-B4F0DD3E2ED3}.Release|Any CPU.ActiveCfg = Release|Any CPU
		{9E900F38-9302-4AB5-8E45-B4F0DD3E2ED3}.Release|Any CPU.Build.0 = Release|Any CPU
		{4A677FDB-D0BB-4B1B-AAD9-08CD486A23FC}.Debug|Any CPU.ActiveCfg = Debug|Any CPU
		{4A677FDB-D0BB-4B1B-AAD9-08CD486A23FC}.Debug|Any CPU.Build.0 = Debug|Any CPU
		{4A677FDB-D0BB-4B1B-AAD9-08CD486A23FC}.Release|Any CPU.ActiveCfg = Release|Any CPU
		{4A677FDB-D0BB-4B1B-AAD9-08CD486A23FC}.Release|Any CPU.Build.0 = Release|Any CPU
		{7617592D-4E29-4153-8989-DBC883D4E084}.Debug|Any CPU.ActiveCfg = Debug|Any CPU
		{7617592D-4E29-4153-8989-DBC883D4E084}.Debug|Any CPU.Build.0 = Debug|Any CPU
		{7617592D-4E29-4153-8989-DBC883D4E084}.Release|Any CPU.ActiveCfg = Release|Any CPU
		{7617592D-4E29-4153-8989-DBC883D4E084}.Release|Any CPU.Build.0 = Release|Any CPU
		{77B5AD8A-1CAD-4E87-9C69-0A0FDB40A67F}.Debug|Any CPU.ActiveCfg = Debug|Any CPU
		{77B5AD8A-1CAD-4E87-9C69-0A0FDB40A67F}.Debug|Any CPU.Build.0 = Debug|Any CPU
		{77B5AD8A-1CAD-4E87-9C69-0A0FDB40A67F}.Release|Any CPU.ActiveCfg = Release|Any CPU
		{77B5AD8A-1CAD-4E87-9C69-0A0FDB40A67F}.Release|Any CPU.Build.0 = Release|Any CPU
	EndGlobalSection
	GlobalSection(SolutionProperties) = preSolution
		HideSolutionNode = FALSE
	EndGlobalSection
	GlobalSection(ExtensibilityGlobals) = postSolution
		SolutionGuid = {812AE613-1163-4BA0-98A4-D945C609FF1A}
	EndGlobalSection
EndGlobal
